name: Generate Consolidated Lockfile

on:
  pull_request:
    branches: [main]

permissions:
  contents: write

jobs:
  lockfile:
    runs-on: ubuntu-latest
    steps:
      - uses: actions/checkout@v7
        with:
          ref: ${{ github.head_ref }}
          fetch-depth: 0
      - uses: actions/setup-node@v7
        with:
          node-version: 24
          cache: npm
      - run: npm install --package-lock-only --ignore-scripts
      - name: Commit lockfile
        run: |
          git config user.name "github-actions[bot]"
          git config user.email "41898282+github-actions[bot]@users.noreply.github.com"
          if git diff --quiet -- package-lock.json; then
            echo "Lockfile already current"
            exit 0
          fi
          git add package-lock.json
          git commit -m "chore(deps): regenerate consolidated package lock"
          git push origin HEAD:${{ github.head_ref }}
